
Microsoft Visual Studio Solution File, Format Version 12.00
# Visual Studio Version 17
VisualStudioVersion = 17.4.32804.182
MinimumVisualStudioVersion = 10.0.40219.1
Project("{FAE04EC0-301F-11D3-BF4B-00C04F79EFBC}") = "RCC", "RCC\RCC.csproj", "{811A4337-4B82-43BC-A797-39D3E682D5F7}"
EndProject
Project("{FAE04EC0-301F-11D3-BF4B-00C04F79EFBC}") = "RCC.Test", "RCC.Test\RCC.Test.csproj", "{BEB1BCAD-82AE-4824-8ED2-3E1F30C72F88}"
EndProject
Global
	GlobalSection(SolutionConfigurationPlatforms) = preSolution
		Debug|Any CPU = Debug|Any CPU
		Release|Any CPU = Release|Any CPU
	EndGlobalSection
	GlobalSection(ProjectConfigurationPlatforms) = postSolution
		{811A4337-4B82-43BC-A797-39D3E682D5F7}.Debug|Any CPU.ActiveCfg = Debug|Any CPU
		{811A4337-4B82-43BC-A797-39D3E682D5F7}.Debug|Any CPU.Build.0 = Debug|Any CPU
		{811A4337-4B82-43BC-A797-39D3E682D5F7}.Release|Any CPU.ActiveCfg = Release|Any CPU
		{811A4337-4B82-43BC-A797-39D3E682D5F7}.Release|Any CPU.Build.0 = Release|Any CPU
		{BEB1BCAD-82AE-4824-8ED2-3E1F30C72F88}.Debug|Any CPU.ActiveCfg = Debug|Any CPU
		{BEB1BCAD-82AE-4824-8ED2-3E1F30C72F88}.Debug|Any CPU.Build.0 = Debug|Any CPU
		{BEB1BCAD-82AE-4824-8ED2-3E1F30C72F88}.Release|Any CPU.ActiveCfg = Release|Any CPU
		{BEB1BCAD-82AE-4824-8ED2-3E1F30C72F88}.Release|Any CPU.Build.0 = Release|Any CPU
	EndGlobalSection
	GlobalSection(SolutionProperties) = preSolution
		HideSolutionNode = FALSE
	EndGlobalSection
	GlobalSection(ExtensibilityGlobals) = postSolution
		SolutionGuid = {1A638A23-BA3F-4D7F-B8A5-362BE51DBB21}
	EndGlobalSection
EndGlobal
